Microsoft Visual Studio Solution File, Format Version 12.00
# Visual Studio 2013
VisualStudioVersion = 12.0.21005.1
MinimumVisualStudioVersion = 10.0.40219.1
Project("{F184B08F-C81C-45F6-A57F-5ABD9991F28F}") = "ServerSide", "ServerSide\ServerSide.vbproj", "{0E55F403-A65C-4EA4-BC88-32F793CD0728}"
EndProject
Project("{1B19158F-E398-40A6-8E3B-350508E125F1}") = "ClientSideDevExtremeProject", "ClientSideDevExtremeProject\ClientSideDevExtremeProject.dxjsproj", "{BDBA8DD5-A95E-46C0-BA9B-F1D895F75920}"
EndProject
Global
	GlobalSection(SolutionConfigurationPlatforms) = preSolution
		Debug|Any CPU = Debug|Any CPU
		Release|Any CPU = Release|Any CPU
	EndGlobalSection
	GlobalSection(ProjectConfigurationPlatforms) = postSolution
		{0E55F403-A65C-4EA4-BC88-32F793CD0728}.Debug|Any CPU.ActiveCfg = Debug|Any CPU
		{0E55F403-A65C-4EA4-BC88-32F793CD0728}.Debug|Any CPU.Build.0 = Debug|Any CPU
		{0E55F403-A65C-4EA4-BC88-32F793CD0728}.Release|Any CPU.ActiveCfg = Release|Any CPU
		{0E55F403-A65C-4EA4-BC88-32F793CD0728}.Release|Any CPU.Build.0 = Release|Any CPU
		{BDBA8DD5-A95E-46C0-BA9B-F1D895F75920}.Debug|Any CPU.ActiveCfg = Debug|Any CPU
		{BDBA8DD5-A95E-46C0-BA9B-F1D895F75920}.Debug|Any CPU.Build.0 = Debug|Any CPU
		{BDBA8DD5-A95E-46C0-BA9B-F1D895F75920}.Release|Any CPU.ActiveCfg = Release|Any CPU
		{BDBA8DD5-A95E-46C0-BA9B-F1D895F75920}.Release|Any CPU.Build.0 = Release|Any CPU
	EndGlobalSection
	GlobalSection(SolutionProperties) = preSolution
		HideSolutionNode = FALSE
	EndGlobalSection
EndGlobal
